PODS:
  - HDDynamicPod (0.1.0)
  - HDStaticPod (0.1.1-beta2)

DEPENDENCIES:
  - HDDynamicPod (from `../../../HDDynamicPod/HDDynamicPod`)
  - HDStaticPod (from `../`)

EXTERNAL SOURCES:
  HDDynamicPod:
    :path: "../../../HDDynamicPod/HDDynamicPod"
  HDStaticPod:
    :path: "../"

SPEC CHECKSUMS:
  HDDynamicPod: f6c189d5f45591f5c7b2179e77eda3d4b97aac83
  HDStaticPod: 956424858f43ca703a8d6701c1743d3a93c66603

PODFILE CHECKSUM: a84edf3ebeb6f742f8f227efbcfb6fb2ff35df5c

COCOAPODS: 1.15.2
