PODS:
  - HDDynamicPod (0.1.0)
  - HDStaticPod (0.1.8)

DEPENDENCIES:
  - HDDynamicPod (from `../../../HDDynamicPod/HDDynamicPod`)
  - HDStaticPod (from `../`)

EXTERNAL SOURCES:
  HDDynamicPod:
    :path: "../../../HDDynamicPod/HDDynamicPod"
  HDStaticPod:
    :path: "../"

SPEC CHECKSUMS:
  HDDynamicPod: f6c189d5f45591f5c7b2179e77eda3d4b97aac83
  HDStaticPod: 66090c259f4137684af900513a4ea3fc9a39d075

PODFILE CHECKSUM: a84edf3ebeb6f742f8f227efbcfb6fb2ff35df5c

COCOAPODS: 1.15.2
